
Microsoft Visual Studio Solution File, Format Version 12.00
# Visual Studio 15
VisualStudioVersion = 15.0.28010.2026
MinimumVisualStudioVersion = 10.0.40219.1
Project("{2150E333-8FDC-42A3-9474-1A3956D46DE8}") = "BLL", "BLL", "{C827BC90-D684-408C-A722-FFE2A87594A6}"
EndProject
Project("{2150E333-8FDC-42A3-9474-1A3956D46DE8}") = "DAL", "DAL", "{80C41DC4-EF25-4126-9F2F-CC3A54988D18}"
EndProject
Project("{2150E333-8FDC-42A3-9474-1A3956D46DE8}") = "UI", "UI", "{935C0400-77BB-4FB4-8331-BE2CFF3B7621}"
EndProject
Project("{FAE04EC0-301F-11D3-BF4B-00C04F79EFBC}") = "BusinessLogic", "BLL\BusinessLogic\BusinessLogic.csproj", "{1D1D2AF2-EFD6-472B-90F7-AC474CDF0E4E}"
EndProject
Project("{FAE04EC0-301F-11D3-BF4B-00C04F79EFBC}") = "BusinessLogic.Contract", "BLL\BusinessLogic.Contract\BusinessLogic.Contract.csproj", "{8267A544-D408-46B1-B03F-F207C4754922}"
EndProject
Project("{FAE04EC0-301F-11D3-BF4B-00C04F79EFBC}") = "BusinessLogic.DI", "BLL\BusinessLogic.DI\BusinessLogic.DI.csproj", "{5CB58BBF-A7E0-4EA4-BCB8-787A47104C74}"
EndProject
Project("{FAE04EC0-301F-11D3-BF4B-00C04F79EFBC}") = "DataAccess", "DAL\DataAccess\DataAccess.csproj", "{EDBDD780-69E4-4E38-9DFC-7FFDAFF67CFE}"
EndProject
Project("{FAE04EC0-301F-11D3-BF4B-00C04F79EFBC}") = "DataAccess.Contract", "DAL\DataAccess.Contract\DataAccess.Contract.csproj", "{2E2E571F-DD9B-4A32-98B7-20AC7B7643A2}"
EndProject
Project("{FAE04EC0-301F-11D3-BF4B-00C04F79EFBC}") = "DataAccess.DI", "DAL\DataAccess.DI\DataAccess.DI.csproj", "{705E4DAC-39AA-4166-9AA5-AAA57A315656}"
EndProject
Project("{FAE04EC0-301F-11D3-BF4B-00C04F79EFBC}") = "WebClient", "UI\WebClient\WebClient.csproj", "{9C55DB2E-D611-441D-BD24-1C7EDC6911EE}"
EndProject
Global
	GlobalSection(SolutionConfigurationPlatforms) = preSolution
		Debug|Any CPU = Debug|Any CPU
		Release|Any CPU = Release|Any CPU
	EndGlobalSection
	GlobalSection(ProjectConfigurationPlatforms) = postSolution
		{1D1D2AF2-EFD6-472B-90F7-AC474CDF0E4E}.Debug|Any CPU.ActiveCfg = Debug|Any CPU
		{1D1D2AF2-EFD6-472B-90F7-AC474CDF0E4E}.Debug|Any CPU.Build.0 = Debug|Any CPU
		{1D1D2AF2-EFD6-472B-90F7-AC474CDF0E4E}.Release|Any CPU.ActiveCfg = Release|Any CPU
		{1D1D2AF2-EFD6-472B-90F7-AC474CDF0E4E}.Release|Any CPU.Build.0 = Release|Any CPU
		{8267A544-D408-46B1-B03F-F207C4754922}.Debug|Any CPU.ActiveCfg = Debug|Any CPU
		{8267A544-D408-46B1-B03F-F207C4754922}.Debug|Any CPU.Build.0 = Debug|Any CPU
		{8267A544-D408-46B1-B03F-F207C4754922}.Release|Any CPU.ActiveCfg = Release|Any CPU
		{8267A544-D408-46B1-B03F-F207C4754922}.Release|Any CPU.Build.0 = Release|Any CPU
		{5CB58BBF-A7E0-4EA4-BCB8-787A47104C74}.Debug|Any CPU.ActiveCfg = Debug|Any CPU
		{5CB58BBF-A7E0-4EA4-BCB8-787A47104C74}.Debug|Any CPU.Build.0 = Debug|Any CPU
		{5CB58BBF-A7E0-4EA4-BCB8-787A47104C74}.Release|Any CPU.ActiveCfg = Release|Any CPU
		{5CB58BBF-A7E0-4EA4-BCB8-787A47104C74}.Release|Any CPU.Build.0 = Release|Any CPU
		{EDBDD780-69E4-4E38-9DFC-7FFDAFF67CFE}.Debug|Any CPU.ActiveCfg = Debug|Any CPU
		{EDBDD780-69E4-4E38-9DFC-7FFDAFF67CFE}.Debug|Any CPU.Build.0 = Debug|Any CPU
		{EDBDD780-69E4-4E38-9DFC-7FFDAFF67CFE}.Release|Any CPU.ActiveCfg = Release|Any CPU
		{EDBDD780-69E4-4E38-9DFC-7FFDAFF67CFE}.Release|Any CPU.Build.0 = Release|Any CPU
		{2E2E571F-DD9B-4A32-98B7-20AC7B7643A2}.Debug|Any CPU.ActiveCfg = Debug|Any CPU
		{2E2E571F-DD9B-4A32-98B7-20AC7B7643A2}.Debug|Any CPU.Build.0 = Debug|Any CPU
		{2E2E571F-DD9B-4A32-98B7-20AC7B7643A2}.Release|Any CPU.ActiveCfg = Release|Any CPU
		{2E2E571F-DD9B-4A32-98B7-20AC7B7643A2}.Release|Any CPU.Build.0 = Release|Any CPU
		{705E4DAC-39AA-4166-9AA5-AAA57A315656}.Debug|Any CPU.ActiveCfg = Debug|Any CPU
		{705E4DAC-39AA-4166-9AA5-AAA57A315656}.Debug|Any CPU.Build.0 = Debug|Any CPU
		{705E4DAC-39AA-4166-9AA5-AAA57A315656}.Release|Any CPU.ActiveCfg = Release|Any CPU
		{705E4DAC-39AA-4166-9AA5-AAA57A315656}.Release|Any CPU.Build.0 = Release|Any CPU
		{9C55DB2E-D611-441D-BD24-1C7EDC6911EE}.Debug|Any CPU.ActiveCfg = Debug|Any CPU
		{9C55DB2E-D611-441D-BD24-1C7EDC6911EE}.Debug|Any CPU.Build.0 = Debug|Any CPU
		{9C55DB2E-D611-441D-BD24-1C7EDC6911EE}.Release|Any CPU.ActiveCfg = Release|Any CPU
		{9C55DB2E-D611-441D-BD24-1C7EDC6911EE}.Release|Any CPU.Build.0 = Release|Any CPU
	EndGlobalSection
	GlobalSection(SolutionProperties) = preSolution
		HideSolutionNode = FALSE
	EndGlobalSection
	GlobalSection(NestedProjects) = preSolution
		{1D1D2AF2-EFD6-472B-90F7-AC474CDF0E4E} = {C827BC90-D684-408C-A722-FFE2A87594A6}
		{8267A544-D408-46B1-B03F-F207C4754922} = {C827BC90-D684-408C-A722-FFE2A87594A6}
		{5CB58BBF-A7E0-4EA4-BCB8-787A47104C74} = {C827BC90-D684-408C-A722-FFE2A87594A6}
		{EDBDD780-69E4-4E38-9DFC-7FFDAFF67CFE} = {80C41DC4-EF25-4126-9F2F-CC3A54988D18}
		{2E2E571F-DD9B-4A32-98B7-20AC7B7643A2} = {80C41DC4-EF25-4126-9F2F-CC3A54988D18}
		{705E4DAC-39AA-4166-9AA5-AAA57A315656} = {80C41DC4-EF25-4126-9F2F-CC3A54988D18}
		{9C55DB2E-D611-441D-BD24-1C7EDC6911EE} = {935C0400-77BB-4FB4-8331-BE2CFF3B7621}
	EndGlobalSection
	GlobalSection(ExtensibilityGlobals) = postSolution
		SolutionGuid = {8C5E2AB0-AFF9-4CEF-95FD-BA9C4A35B3FC}
	EndGlobalSection
EndGlobal
